// !$*UTF8*$!
{
	archiveVersion = 1;
	classes = {
	};
	objectVersion = 48;
	objects = {

/* Begin PBXBuildFile section */
		D9A3C5E5253B776B0030BB0F /* AppDelegate.swift in Sources */ = {isa = PBXBuildFile; fileRef = D9A3C5E4253B776B0030BB0F /* AppDelegate.swift */; };
		D9A3C5E7253B776B0030BB0F /* ViewController.swift in Sources */ = {isa = PBXBuildFile; fileRef = D9A3C5E6253B776B0030BB0F /* ViewController.swift */; };
		D9A3C5EA253B776B0030BB0F /* Main.storyboard in Resources */ = {isa = PBXBuildFile; fileRef = D9A3C5E8253B776B0030BB0F /* Main.storyboard */; };
		D9A3C5EC253B776B0030BB0F /* Assets.xcassets in Resources */ = {isa = PBXBuildFile; fileRef = D9A3C5EB253B776B0030BB0F /* Assets.xcassets */; };
		D9A3C5EF253B776B0030BB0F /* LaunchScreen.storyboard in Resources */ = {isa = PBXBuildFile; fileRef = D9A3C5ED253B776B0030BB0F /* LaunchScreen.storyboard */; };
		D9A3C5FA253B776B0030BB0F /* IgniteTests.swift in Sources */ = {isa = PBXBuildFile; fileRef = D9A3C5F9253B776B0030BB0F /* IgniteTests.swift */; };
		D9A3C605253B776C0030BB0F /* IgniteUITests.swift in Sources */ = {isa = PBXBuildFile; fileRef = D9A3C604253B776C0030BB0F /* IgniteUITests.swift */; };
/* End PBXBuildFile section */

/* Begin PBXContainerItemProxy section */
		D9A3C5F6253B776B0030BB0F /* PBXContainerItemProxy */ = {
			isa = PBXContainerItemProxy;
			containerPortal = D9A3C5D9253B776B0030BB0F /* Project object */;
			proxyType = 1;
			remoteGlobalIDString = D9A3C5E0253B776B0030BB0F;
			remoteInfo = Ignite;
		};
		D9A3C601253B776C0030BB0F /* PBXContainerItemProxy */ = {
			isa = PBXContainerItemProxy;
			containerPortal = D9A3C5D9253B776B0030BB0F /* Project object */;
			proxyType = 1;
			remoteGlobalIDString = D9A3C5E0253B776B0030BB0F;
			remoteInfo = Ignite;
		};
/* End PBXContainerItemProxy section */

/* Begin PBXFileReference section */
		D9A3C5E1253B776B0030BB0F /* Ignite.app */ = {isa = PBXFileReference; explicitFileType = wrapper.application; includeInIndex = 0; path = Ignite.app; sourceTree = BUILT_PRODUCTS_DIR; };
		D9A3C5E4253B776B0030BB0F /* AppDelegate.swift */ = {isa = PBXFileReference; lastKnownFileType = sourcecode.swift; path = AppDelegate.swift; sourceTree = "<group>"; };
		D9A3C5E6253B776B0030BB0F /* ViewController.swift */ = {isa = PBXFileReference; lastKnownFileType = sourcecode.swift; path = ViewController.swift; sourceTree = "<group>"; };
		D9A3C5E9253B776B0030BB0F /* Base */ = {isa = PBXFileReference; lastKnownFileType = file.storyboard; name = Base; path = Base.lproj/Main.storyboard; sourceTree = "<group>"; };
		D9A3C5EB253B776B0030BB0F /* Assets.xcassets */ = {isa = PBXFileReference; lastKnownFileType = folder.assetcatalog; path = Assets.xcassets; sourceTree = "<group>"; };
		D9A3C5EE253B776B0030BB0F /* Base */ = {isa = PBXFileReference; lastKnownFileType = file.storyboard; name = Base; path = Base.lproj/LaunchScreen.storyboard; sourceTree = "<group>"; };
		D9A3C5F0253B776B0030BB0F /* Info.plist */ = {isa = PBXFileReference; lastKnownFileType = text.plist.xml; path = Info.plist; sourceTree = "<group>"; };
		D9A3C5F5253B776B0030BB0F /* IgniteTests.xctest */ = {isa = PBXFileReference; explicitFileType = wrapper.cfbundle; includeInIndex = 0; path = IgniteTests.xctest; sourceTree = BUILT_PRODUCTS_DIR; };
		D9A3C5F9253B776B0030BB0F /* IgniteTests.swift */ = {isa = PBXFileReference; lastKnownFileType = sourcecode.swift; path = IgniteTests.swift; sourceTree = "<group>"; };
		D9A3C5FB253B776B0030BB0F /* Info.plist */ = {isa = PBXFileReference; lastKnownFileType = text.plist.xml; path = Info.plist; sourceTree = "<group>"; };
		D9A3C600253B776C0030BB0F /* IgniteUITests.xctest */ = {isa = PBXFileReference; explicitFileType = wrapper.cfbundle; includeInIndex = 0; path = IgniteUITests.xctest; sourceTree = BUILT_PRODUCTS_DIR; };
		D9A3C604253B776C0030BB0F /* IgniteUITests.swift */ = {isa = PBXFileReference; lastKnownFileType = sourcecode.swift; path = IgniteUITests.swift; sourceTree = "<group>"; };
		D9A3C606253B776C0030BB0F /* Info.plist */ = {isa = PBXFileReference; lastKnownFileType = text.plist.xml; path = Info.plist; sourceTree = "<group>"; };
/* End PBXFileReference section */

/* Begin PBXFrameworksBuildPhase section */
		D9A3C5DE253B776B0030BB0F /* Frameworks */ = {
			isa = PBXFrameworksBuildPhase;
			buildActionMask = 2147483647;
			files = (
			);
			runOnlyForDeploymentPostprocessing = 0;
		};
		D9A3C5F2253B776B0030BB0F /* Frameworks */ = {
			isa = PBXFrameworksBuildPhase;
			buildActionMask = 2147483647;
			files = (
			);
			runOnlyForDeploymentPostprocessing = 0;
		};
		D9A3C5FD253B776C0030BB0F /* Frameworks */ = {
			isa = PBXFrameworksBuildPhase;
			buildActionMask = 2147483647;
			files = (
			);
			runOnlyForDeploymentPostprocessing = 0;
		};
/* End PBXFrameworksBuildPhase section */

/* Begin PBXGroup section */
		D9A3C5D8253B776B0030BB0F = {
			isa = PBXGroup;
			children = (
				D9A3C5E3253B776B0030BB0F /* Ignite */,
				D9A3C5F8253B776B0030BB0F /* IgniteTests */,
				D9A3C603253B776C0030BB0F /* IgniteUITests */,
				D9A3C5E2253B776B0030BB0F /* Products */,
			);
			sourceTree = "<group>";
		};
		D9A3C5E2253B776B0030BB0F /* Products */ = {
			isa = PBXGroup;
			children = (
				D9A3C5E1253B776B0030BB0F /* Ignite.app */,
				D9A3C5F5253B776B0030BB0F /* IgniteTests.xctest */,
				D9A3C600253B776C0030BB0F /* IgniteUITests.xctest */,
			);
			name = Products;
			sourceTree = "<group>";
		};
		D9A3C5E3253B776B0030BB0F /* Ignite */ = {
			isa = PBXGroup;
			children = (
				D9A3C5E4253B776B0030BB0F /* AppDelegate.swift */,
				D9A3C5E6253B776B0030BB0F /* ViewController.swift */,
				D9A3C5E8253B776B0030BB0F /* Main.storyboard */,
				D9A3C5EB253B776B0030BB0F /* Assets.xcassets */,
				D9A3C5ED253B776B0030BB0F /* LaunchScreen.storyboard */,
				D9A3C5F0253B776B0030BB0F /* Info.plist */,
			);
			path = Ignite;
			sourceTree = "<group>";
		};
		D9A3C5F8253B776B0030BB0F /* IgniteTests */ = {
			isa = PBXGroup;
			children = (
				D9A3C5F9253B776B0030BB0F /* IgniteTests.swift */,
				D9A3C5FB253B776B0030BB0F /* Info.plist */,
			);
			path = IgniteTests;
			sourceTree = "<group>";
		};
		D9A3C603253B776C0030BB0F /* IgniteUITests */ = {
			isa = PBXGroup;
			children = (
				D9A3C604253B776C0030BB0F /* IgniteUITests.swift */,
				D9A3C606253B776C0030BB0F /* Info.plist */,
			);
			path = IgniteUITests;
			sourceTree = "<group>";
		};
/* End PBXGroup section */

/* Begin PBXNativeTarget section */
		D9A3C5E0253B776B0030BB0F /* Ignite */ = {
			isa = PBXNativeTarget;
			buildConfigurationList = D9A3C609253B776C0030BB0F /* Build configuration list for PBXNativeTarget "Ignite" */;
			buildPhases = (
				D9A3C5DD253B776B0030BB0F /* Sources */,
				D9A3C5DE253B776B0030BB0F /* Frameworks */,
				D9A3C5DF253B776B0030BB0F /* Resources */,
			);
			buildRules = (
			);
			dependencies = (
			);
			name = Ignite;
			productName = Ignite;
			productReference = D9A3C5E1253B776B0030BB0F /* Ignite.app */;
			productType = "com.apple.product-type.application";
		};
		D9A3C5F4253B776B0030BB0F /* IgniteTests */ = {
			isa = PBXNativeTarget;
			buildConfigurationList = D9A3C60C253B776C0030BB0F /* Build configuration list for PBXNativeTarget "IgniteTests" */;
			buildPhases = (
				D9A3C5F1253B776B0030BB0F /* Sources */,
				D9A3C5F2253B776B0030BB0F /* Frameworks */,
				D9A3C5F3253B776B0030BB0F /* Resources */,
			);
			buildRules = (
			);
			dependencies = (
				D9A3C5F7253B776B0030BB0F /* PBXTargetDependency */,
			);
			name = IgniteTests;
			productName = IgniteTests;
			productReference = D9A3C5F5253B776B0030BB0F /* IgniteTests.xctest */;
			productType = "com.apple.product-type.bundle.unit-test";
		};
		D9A3C5FF253B776C0030BB0F /* IgniteUITests */ = {
			isa = PBXNativeTarget;
			buildConfigurationList = D9A3C60F253B776C0030BB0F /* Build configuration list for PBXNativeTarget "IgniteUITests" */;
			buildPhases = (
				D9A3C5FC253B776C0030BB0F /* Sources */,
				D9A3C5FD253B776C0030BB0F /* Frameworks */,
				D9A3C5FE253B776C0030BB0F /* Resources */,
			);
			buildRules = (
			);
			dependencies = (
				D9A3C602253B776C0030BB0F /* PBXTargetDependency */,
			);
			name = IgniteUITests;
			productName = IgniteUITests;
			productReference = D9A3C600253B776C0030BB0F /* IgniteUITests.xctest */;
			productType = "com.apple.product-type.bundle.ui-testing";
		};
/* End PBXNativeTarget section */

/* Begin PBXProject section */
		D9A3C5D9253B776B0030BB0F /* Project object */ = {
			isa = PBXProject;
			attributes = {
				LastSwiftUpdateCheck = 0920;
				LastUpgradeCheck = 0920;
				ORGANIZATIONNAME = Ignite;
				TargetAttributes = {
					D9A3C5E0253B776B0030BB0F = {
						CreatedOnToolsVersion = 9.2;
						ProvisioningStyle = Automatic;
					};
					D9A3C5F4253B776B0030BB0F = {
						CreatedOnToolsVersion = 9.2;
						ProvisioningStyle = Automatic;
						TestTargetID = D9A3C5E0253B776B0030BB0F;
					};
					D9A3C5FF253B776C0030BB0F = {
						CreatedOnToolsVersion = 9.2;
						ProvisioningStyle = Automatic;
						TestTargetID = D9A3C5E0253B776B0030BB0F;
					};
				};
			};
			buildConfigurationList = D9A3C5DC253B776B0030BB0F /* Build configuration list for PBXProject "Ignite" */;
			compatibilityVersion = "Xcode 8.0";
			developmentRegion = en;
			hasScannedForEncodings = 0;
			knownRegions = (
				en,
				Base,
			);
			mainGroup = D9A3C5D8253B776B0030BB0F;
			productRefGroup = D9A3C5E2253B776B0030BB0F /* Products */;
			projectDirPath = "";
			projectRoot = "";
			targets = (
				D9A3C5E0253B776B0030BB0F /* Ignite */,
				D9A3C5F4253B776B0030BB0F /* IgniteTests */,
				D9A3C5FF253B776C0030BB0F /* IgniteUITests */,
			);
		};
/* End PBXProject section */

/* Begin PBXResourcesBuildPhase section */
		D9A3C5DF253B776B0030BB0F /* Resources */ = {
			isa = PBXResourcesBuildPhase;
			buildActionMask = 2147483647;
			files = (
				D9A3C5EF253B776B0030BB0F /* LaunchScreen.storyboard in Resources */,
				D9A3C5EC253B776B0030BB0F /* Assets.xcassets in Resources */,
				D9A3C5EA253B776B0030BB0F /* Main.storyboard in Resources */,
			);
			runOnlyForDeploymentPostprocessing = 0;
		};
		D9A3C5F3253B776B0030BB0F /* Resources */ = {
			isa = PBXResourcesBuildPhase;
			buildActionMask = 2147483647;
			files = (
			);
			runOnlyForDeploymentPostprocessing = 0;
		};
		D9A3C5FE253B776C0030BB0F /* Resources */ = {
			isa = PBXResourcesBuildPhase;
			buildActionMask = 2147483647;
			files = (
			);
			runOnlyForDeploymentPostprocessing = 0;
		};
/* End PBXResourcesBuildPhase section */

/* Begin PBXSourcesBuildPhase section */
		D9A3C5DD253B776B0030BB0F /* Sources */ = {
			isa = PBXSourcesBuildPhase;
			buildActionMask = 2147483647;
			files = (
				D9A3C5E7253B776B0030BB0F /* ViewController.swift in Sources */,
				D9A3C5E5253B776B0030BB0F /* AppDelegate.swift in Sources */,
			);
			runOnlyForDeploymentPostprocessing = 0;
		};
		D9A3C5F1253B776B0030BB0F /* Sources */ = {
			isa = PBXSourcesBuildPhase;
			buildActionMask = 2147483647;
			files = (
				D9A3C5FA253B776B0030BB0F /* IgniteTests.swift in Sources */,
			);
			runOnlyForDeploymentPostprocessing = 0;
		};
		D9A3C5FC253B776C0030BB0F /* Sources */ = {
			isa = PBXSourcesBuildPhase;
			buildActionMask = 2147483647;
			files = (
				D9A3C605253B776C0030BB0F /* IgniteUITests.swift in Sources */,
			);
			runOnlyForDeploymentPostprocessing = 0;
		};
/* End PBXSourcesBuildPhase section */

/* Begin PBXTargetDependency section */
		D9A3C5F7253B776B0030BB0F /* PBXTargetDependency */ = {
			isa = PBXTargetDependency;
			target = D9A3C5E0253B776B0030BB0F /* Ignite */;
			targetProxy = D9A3C5F6253B776B0030BB0F /* PBXContainerItemProxy */;
		};
		D9A3C602253B776C0030BB0F /* PBXTargetDependency */ = {
			isa = PBXTargetDependency;
			target = D9A3C5E0253B776B0030BB0F /* Ignite */;
			targetProxy = D9A3C601253B776C0030BB0F /* PBXContainerItemProxy */;
		};
/* End PBXTargetDependency section */

/* Begin PBXVariantGroup section */
		D9A3C5E8253B776B0030BB0F /* Main.storyboard */ = {
			isa = PBXVariantGroup;
			children = (
				D9A3C5E9253B776B0030BB0F /* Base */,
			);
			name = Main.storyboard;
			sourceTree = "<group>";
		};
		D9A3C5ED253B776B0030BB0F /* LaunchScreen.storyboard */ = {
			isa = PBXVariantGroup;
			children = (
				D9A3C5EE253B776B0030BB0F /* Base */,
			);
			name = LaunchScreen.storyboard;
			sourceTree = "<group>";
		};
/* End PBXVariantGroup section */

/* Begin XCBuildConfiguration section */
		D9A3C607253B776C0030BB0F /* Debug */ = {
			isa = XCBuildConfiguration;
			buildSettings = {
				ALWAYS_SEARCH_USER_PATHS = NO;
				CLANG_ANALYZER_NONNULL = YES;
				CLANG_ANALYZER_NUMBER_OBJECT_CONVERSION = YES_AGGRESSIVE;
				CLANG_CXX_LANGUAGE_STANDARD = "gnu++14";
				CLANG_CXX_LIBRARY = "libc++";
				CLANG_ENABLE_MODULES = YES;
				CLANG_ENABLE_OBJC_ARC = YES;
				CLANG_WARN_BLOCK_CAPTURE_AUTORELEASING = YES;
				CLANG_WARN_BOOL_CONVERSION = YES;
				CLANG_WARN_COMMA = YES;
				CLANG_WARN_CONSTANT_CONVERSION = YES;
				CLANG_WARN_DIRECT_OBJC_ISA_USAGE = YES_ERROR;
				CLANG_WARN_DOCUMENTATION_COMMENTS = YES;
				CLANG_WARN_EMPTY_BODY = YES;
				CLANG_WARN_ENUM_CONVERSION = YES;
				CLANG_WARN_INFINITE_RECURSION = YES;
				CLANG_WARN_INT_CONVERSION = YES;
				CLANG_WARN_NON_LITERAL_NULL_CONVERSION = YES;
				CLANG_WARN_OBJC_LITERAL_CONVERSION = YES;
				CLANG_WARN_OBJC_ROOT_CLASS = YES_ERROR;
				CLANG_WARN_RANGE_LOOP_ANALYSIS = YES;
				CLANG_WARN_STRICT_PROTOTYPES = YES;
				CLANG_WARN_SUSPICIOUS_MOVE = YES;
				CLANG_WARN_UNGUARDED_AVAILABILITY = YES_AGGRESSIVE;
				CLANG_WARN_UNREACHABLE_CODE = YES;
				CLANG_WARN__DUPLICATE_METHOD_MATCH = YES;
				CODE_SIGN_IDENTITY = "iPhone Developer";
				COPY_PHASE_STRIP = NO;
				DEBUG_INFORMATION_FORMAT = dwarf;
				ENABLE_STRICT_OBJC_MSGSEND = YES;
				ENABLE_TESTABILITY = YES;
				GCC_C_LANGUAGE_STANDARD = gnu11;
				GCC_DYNAMIC_NO_PIC = NO;
				GCC_NO_COMMON_BLOCKS = YES;
				GCC_OPTIMIZATION_LEVEL = 0;
				GCC_PREPROCESSOR_DEFINITIONS = (
					"DEBUG=1",
					"$(inherited)",
				);
				GCC_WARN_64_TO_32_BIT_CONVERSION = YES;
				GCC_WARN_ABOUT_RETURN_TYPE = YES_ERROR;
				GCC_WARN_UNDECLARED_SELECTOR = YES;
				GCC_WARN_UNINITIALIZED_AUTOS = YES_AGGRESSIVE;
				GCC_WARN_UNUSED_FUNCTION = YES;
				GCC_WARN_UNUSED_VARIABLE = YES;
				IPHONEOS_DEPLOYMENT_TARGET = 11.2;
				MTL_ENABLE_DEBUG_INFO = YES;
				ONLY_ACTIVE_ARCH = YES;
				SDKROOT = iphoneos;
				SWIFT_ACTIVE_COMPILATION_CONDITIONS = DEBUG;
				SWIFT_OPTIMIZATION_LEVEL = "-Onone";
			};
			name = Debug;
		};
		D9A3C608253B776C0030BB0F /* Release */ = {
			isa = XCBuildConfiguration;
			buildSettings = {
				ALWAYS_SEARCH_USER_PATHS = NO;
				CLANG_ANALYZER_NONNULL = YES;
				CLANG_ANALYZER_NUMBER_OBJECT_CONVERSION = YES_AGGRESSIVE;
				CLANG_CXX_LANGUAGE_STANDARD = "gnu++14";
				CLANG_CXX_LIBRARY = "libc++";
				CLANG_ENABLE_MODULES = YES;
				CLANG_ENABLE_OBJC_ARC = YES;
				CLANG_WARN_BLOCK_CAPTURE_AUTORELEASING = YES;
				CLANG_WARN_BOOL_CONVERSION = YES;
				CLANG_WARN_COMMA = YES;
				CLANG_WARN_CONSTANT_CONVERSION = YES;
				CLANG_WARN_DIRECT_OBJC_ISA_USAGE = YES_ERROR;
				CLANG_WARN_DOCUMENTATION_COMMENTS = YES;
				CLANG_WARN_EMPTY_BODY = YES;
				CLANG_WARN_ENUM_CONVERSION = YES;
				CLANG_WARN_INFINITE_RECURSION = YES;
				CLANG_WARN_INT_CONVERSION = YES;
				CLANG_WARN_NON_LITERAL_NULL_CONVERSION = YES;
				CLANG_WARN_OBJC_LITERAL_CONVERSION = YES;
				CLANG_WARN_OBJC_ROOT_CLASS = YES_ERROR;
				CLANG_WARN_RANGE_LOOP_ANALYSIS = YES;
				CLANG_WARN_STRICT_PROTOTYPES = YES;
				CLANG_WARN_SUSPICIOUS_MOVE = YES;
				CLANG_WARN_UNGUARDED_AVAILABILITY = YES_AGGRESSIVE;
				CLANG_WARN_UNREACHABLE_CODE = YES;
				CLANG_WARN__DUPLICATE_METHOD_MATCH = YES;
				CODE_SIGN_IDENTITY = "iPhone Developer";
				COPY_PHASE_STRIP = NO;
				DEBUG_INFORMATION_FORMAT = "dwarf-with-dsym";
				ENABLE_NS_ASSERTIONS = NO;
				ENABLE_STRICT_OBJC_MSGSEND = YES;
				GCC_C_LANGUAGE_STANDARD = gnu11;
				GCC_NO_COMMON_BLOCKS = YES;
				GCC_WARN_64_TO_32_BIT_CONVERSION = YES;
				GCC_WARN_ABOUT_RETURN_TYPE = YES_ERROR;
				GCC_WARN_UNDECLARED_SELECTOR = YES;
				GCC_WARN_UNINITIALIZED_AUTOS = YES_AGGRESSIVE;
				GCC_WARN_UNUSED_FUNCTION = YES;
				GCC_WARN_UNUSED_VARIABLE = YES;
				IPHONEOS_DEPLOYMENT_TARGET = 11.2;
				MTL_ENABLE_DEBUG_INFO = NO;
				SDKROOT = iphoneos;
				SWIFT_OPTIMIZATION_LEVEL = "-Owholemodule";
				VALIDATE_PRODUCT = YES;
			};
			name = Release;
		};
		D9A3C60A253B776C0030BB0F /* Debug */ = {
			isa = XCBuildConfiguration;
			buildSettings = {
				ASSETCATALOG_COMPILER_APPICON_NAME = AppIcon;
				CODE_SIGN_STYLE = Automatic;
				DEVELOPMENT_TEAM = WZ4FX68654;
				INFOPLIST_FILE = Ignite/Info.plist;
				LD_RUNPATH_SEARCH_PATHS = "$(inherited) @executable_path/Frameworks";
				PRODUCT_BUNDLE_IDENTIFIER = Ignite.Ignite;
				PRODUCT_NAME = "$(TARGET_NAME)";
				SWIFT_VERSION = 4.0;
				TARGETED_DEVICE_FAMILY = "1,2";
			};
			name = Debug;
		};
		D9A3C60B253B776C0030BB0F /* Release */ = {
			isa = XCBuildConfiguration;
			buildSettings = {
				ASSETCATALOG_COMPILER_APPICON_NAME = AppIcon;
				CODE_SIGN_STYLE = Automatic;
				DEVELOPMENT_TEAM = WZ4FX68654;
				INFOPLIST_FILE = Ignite/Info.plist;
				LD_RUNPATH_SEARCH_PATHS = "$(inherited) @executable_path/Frameworks";
				PRODUCT_BUNDLE_IDENTIFIER = Ignite.Ignite;
				PRODUCT_NAME = "$(TARGET_NAME)";
				SWIFT_VERSION = 4.0;
				TARGETED_DEVICE_FAMILY = "1,2";
			};
			name = Release;
		};
		D9A3C60D253B776C0030BB0F /* Debug */ = {
			isa = XCBuildConfiguration;
			buildSettings = {
				ALWAYS_EMBED_SWIFT_STANDARD_LIBRARIES = YES;
				BUNDLE_LOADER = "$(TEST_HOST)";
				CODE_SIGN_STYLE = Automatic;
				DEVELOPMENT_TEAM = WZ4FX68654;
				INFOPLIST_FILE = IgniteTests/Info.plist;
				LD_RUNPATH_SEARCH_PATHS = "$(inherited) @executable_path/Frameworks @loader_path/Frameworks";
				PRODUCT_BUNDLE_IDENTIFIER = Ignite.IgniteTests;
				PRODUCT_NAME = "$(TARGET_NAME)";
				SWIFT_VERSION = 4.0;
				TARGETED_DEVICE_FAMILY = "1,2";
				TEST_HOST = "$(BUILT_PRODUCTS_DIR)/Ignite.app/Ignite";
			};
			name = Debug;
		};
		D9A3C60E253B776C0030BB0F /* Release */ = {
			isa = XCBuildConfiguration;
			buildSettings = {
				ALWAYS_EMBED_SWIFT_STANDARD_LIBRARIES = YES;
				BUNDLE_LOADER = "$(TEST_HOST)";
				CODE_SIGN_STYLE = Automatic;
				DEVELOPMENT_TEAM = WZ4FX68654;
				INFOPLIST_FILE = IgniteTests/Info.plist;
				LD_RUNPATH_SEARCH_PATHS = "$(inherited) @executable_path/Frameworks @loader_path/Frameworks";
				PRODUCT_BUNDLE_IDENTIFIER = Ignite.IgniteTests;
				PRODUCT_NAME = "$(TARGET_NAME)";
				SWIFT_VERSION = 4.0;
				TARGETED_DEVICE_FAMILY = "1,2";
				TEST_HOST = "$(BUILT_PRODUCTS_DIR)/Ignite.app/Ignite";
			};
			name = Release;
		};
		D9A3C610253B776C0030BB0F /* Debug */ = {
			isa = XCBuildConfiguration;
			buildSettings = {
				ALWAYS_EMBED_SWIFT_STANDARD_LIBRARIES = YES;
				CODE_SIGN_STYLE = Automatic;
				DEVELOPMENT_TEAM = WZ4FX68654;
				INFOPLIST_FILE = IgniteUITests/Info.plist;
				LD_RUNPATH_SEARCH_PATHS = "$(inherited) @executable_path/Frameworks @loader_path/Frameworks";
				PRODUCT_BUNDLE_IDENTIFIER = Ignite.IgniteUITests;
				PRODUCT_NAME = "$(TARGET_NAME)";
				SWIFT_VERSION = 4.0;
				TARGETED_DEVICE_FAMILY = "1,2";
				TEST_TARGET_NAME = Ignite;
			};
			name = Debug;
		};
		D9A3C611253B776C0030BB0F /* Release */ = {
			isa = XCBuildConfiguration;
			buildSettings = {
				ALWAYS_EMBED_SWIFT_STANDARD_LIBRARIES = YES;
				CODE_SIGN_STYLE = Automatic;
				DEVELOPMENT_TEAM = WZ4FX68654;
				INFOPLIST_FILE = IgniteUITests/Info.plist;
				LD_RUNPATH_SEARCH_PATHS = "$(inherited) @executable_path/Frameworks @loader_path/Frameworks";
				PRODUCT_BUNDLE_IDENTIFIER = Ignite.IgniteUITests;
				PRODUCT_NAME = "$(TARGET_NAME)";
				SWIFT_VERSION = 4.0;
				TARGETED_DEVICE_FAMILY = "1,2";
				TEST_TARGET_NAME = Ignite;
			};
			name = Release;
		};
/* End XCBuildConfiguration section */

/* Begin XCConfigurationList section */
		D9A3C5DC253B776B0030BB0F /* Build configuration list for PBXProject "Ignite" */ = {
			isa = XCConfigurationList;
			buildConfigurations = (
				D9A3C607253B776C0030BB0F /* Debug */,
				D9A3C608253B776C0030BB0F /* Release */,
			);
			defaultConfigurationIsVisible = 0;
			defaultConfigurationName = Release;
		};
		D9A3C609253B776C0030BB0F /* Build configuration list for PBXNativeTarget "Ignite" */ = {
			isa = XCConfigurationList;
			buildConfigurations = (
				D9A3C60A253B776C0030BB0F /* Debug */,
				D9A3C60B253B776C0030BB0F /* Release */,
			);
			defaultConfigurationIsVisible = 0;
			defaultConfigurationName = Release;
		};
		D9A3C60C253B776C0030BB0F /* Build configuration list for PBXNativeTarget "IgniteTests" */ = {
			isa = XCConfigurationList;
			buildConfigurations = (
				D9A3C60D253B776C0030BB0F /* Debug */,
				D9A3C60E253B776C0030BB0F /* Release */,
			);
			defaultConfigurationIsVisible = 0;
			defaultConfigurationName = Release;
		};
		D9A3C60F253B776C0030BB0F /* Build configuration list for PBXNativeTarget "IgniteUITests" */ = {
			isa = XCConfigurationList;
			buildConfigurations = (
				D9A3C610253B776C0030BB0F /* Debug */,
				D9A3C611253B776C0030BB0F /* Release */,
			);
			defaultConfigurationIsVisible = 0;
			defaultConfigurationName = Release;
		};
/* End XCConfigurationList section */
	};
	rootObject = D9A3C5D9253B776B0030BB0F /* Project object */;
}
